
Microsoft Visual Studio Solution File, Format Version 12.00
# Visual Studio Version 17
VisualStudioVersion = 17.9.34714.143
MinimumVisualStudioVersion = 10.0.40219.1
Project("{9A19103F-16F7-4668-BE54-9A1E7A4F7556}") = "UntitledGatheringPlugin", "UntitledGatheringPlugin\UntitledGatheringPlugin.csproj", "{C57C9EF2-F3C4-4EEE-8D49-CFC42A706C5D}"
EndProject
Project("{9A19103F-16F7-4668-BE54-9A1E7A4F7556}") = "ECommons", "ECommons\ECommons\ECommons.csproj", "{AED4246B-0E16-45EB-A6E8-5244390C476D}"
EndProject
Global
	GlobalSection(SolutionConfigurationPlatforms) = preSolution
		Debug|Any CPU = Debug|Any CPU
		Debug|x64 = Debug|x64
		DebugForms|Any CPU = DebugForms|Any CPU
		DebugForms|x64 = DebugForms|x64
		Release|Any CPU = Release|Any CPU
		Release|x64 = Release|x64
		ReleaseForms|Any CPU = ReleaseForms|Any CPU
		ReleaseForms|x64 = ReleaseForms|x64
	EndGlobalSection
	GlobalSection(ProjectConfigurationPlatforms) = postSolution
		{C57C9EF2-F3C4-4EEE-8D49-CFC42A706C5D}.Debug|Any CPU.ActiveCfg = Debug|Any CPU
		{C57C9EF2-F3C4-4EEE-8D49-CFC42A706C5D}.Debug|Any CPU.Build.0 = Debug|Any CPU
		{C57C9EF2-F3C4-4EEE-8D49-CFC42A706C5D}.Debug|x64.ActiveCfg = Debug|x64
		{C57C9EF2-F3C4-4EEE-8D49-CFC42A706C5D}.Debug|x64.Build.0 = Debug|x64
		{C57C9EF2-F3C4-4EEE-8D49-CFC42A706C5D}.DebugForms|Any CPU.ActiveCfg = Debug|Any CPU
		{C57C9EF2-F3C4-4EEE-8D49-CFC42A706C5D}.DebugForms|Any CPU.Build.0 = Debug|Any CPU
		{C57C9EF2-F3C4-4EEE-8D49-CFC42A706C5D}.DebugForms|x64.ActiveCfg = Debug|x64
		{C57C9EF2-F3C4-4EEE-8D49-CFC42A706C5D}.DebugForms|x64.Build.0 = Debug|x64
		{C57C9EF2-F3C4-4EEE-8D49-CFC42A706C5D}.Release|Any CPU.ActiveCfg = Release|Any CPU
		{C57C9EF2-F3C4-4EEE-8D49-CFC42A706C5D}.Release|Any CPU.Build.0 = Release|Any CPU
		{C57C9EF2-F3C4-4EEE-8D49-CFC42A706C5D}.Release|x64.ActiveCfg = Release|x64
		{C57C9EF2-F3C4-4EEE-8D49-CFC42A706C5D}.Release|x64.Build.0 = Release|x64
		{C57C9EF2-F3C4-4EEE-8D49-CFC42A706C5D}.ReleaseForms|Any CPU.ActiveCfg = Release|Any CPU
		{C57C9EF2-F3C4-4EEE-8D49-CFC42A706C5D}.ReleaseForms|Any CPU.Build.0 = Release|Any CPU
		{C57C9EF2-F3C4-4EEE-8D49-CFC42A706C5D}.ReleaseForms|x64.ActiveCfg = Release|x64
		{C57C9EF2-F3C4-4EEE-8D49-CFC42A706C5D}.ReleaseForms|x64.Build.0 = Release|x64
		{AED4246B-0E16-45EB-A6E8-5244390C476D}.Debug|Any CPU.ActiveCfg = Debug|x64
		{AED4246B-0E16-45EB-A6E8-5244390C476D}.Debug|Any CPU.Build.0 = Debug|x64
		{AED4246B-0E16-45EB-A6E8-5244390C476D}.Debug|x64.ActiveCfg = Debug|x64
		{AED4246B-0E16-45EB-A6E8-5244390C476D}.Debug|x64.Build.0 = Debug|x64
		{AED4246B-0E16-45EB-A6E8-5244390C476D}.DebugForms|Any CPU.ActiveCfg = DebugForms|x64
		{AED4246B-0E16-45EB-A6E8-5244390C476D}.DebugForms|Any CPU.Build.0 = DebugForms|x64
		{AED4246B-0E16-45EB-A6E8-5244390C476D}.DebugForms|x64.ActiveCfg = DebugForms|x64
		{AED4246B-0E16-45EB-A6E8-5244390C476D}.DebugForms|x64.Build.0 = DebugForms|x64
		{AED4246B-0E16-45EB-A6E8-5244390C476D}.Release|Any CPU.ActiveCfg = Release|x64
		{AED4246B-0E16-45EB-A6E8-5244390C476D}.Release|Any CPU.Build.0 = Release|x64
		{AED4246B-0E16-45EB-A6E8-5244390C476D}.Release|x64.ActiveCfg = Release|x64
		{AED4246B-0E16-45EB-A6E8-5244390C476D}.Release|x64.Build.0 = Release|x64
		{AED4246B-0E16-45EB-A6E8-5244390C476D}.ReleaseForms|Any CPU.ActiveCfg = ReleaseForms|x64
		{AED4246B-0E16-45EB-A6E8-5244390C476D}.ReleaseForms|Any CPU.Build.0 = ReleaseForms|x64
		{AED4246B-0E16-45EB-A6E8-5244390C476D}.ReleaseForms|x64.ActiveCfg = ReleaseForms|x64
		{AED4246B-0E16-45EB-A6E8-5244390C476D}.ReleaseForms|x64.Build.0 = ReleaseForms|x64
	EndGlobalSection
	GlobalSection(SolutionProperties) = preSolution
		HideSolutionNode = FALSE
	EndGlobalSection
	GlobalSection(ExtensibilityGlobals) = postSolution
		SolutionGuid = {513F1784-DF33-42A8-AA2A-65206B3A3EFE}
	EndGlobalSection
EndGlobal
